
Microsoft Visual Studio Solution File, Format Version 12.00
# Visual Studio Version 16
VisualStudioVersion = 16.0.30503.244
MinimumVisualStudioVersion = 10.0.40219.1
Project("{FAE04EC0-301F-11D3-BF4B-00C04F79EFBC}") = "test_ten", "test_ten\test_ten.csproj", "{F533AB37-AF0A-4CFB-8FEA-5802C2FA554E}"
EndProject
Global
	GlobalSection(SolutionConfigurationPlatforms) = preSolution
		Debug|Any CPU = Debug|Any CPU
		Release|Any CPU = Release|Any CPU
	EndGlobalSection
	GlobalSection(ProjectConfigurationPlatforms) = postSolution
		{F533AB37-AF0A-4CFB-8FEA-5802C2FA554E}.Debug|Any CPU.ActiveCfg = Debug|Any CPU
		{F533AB37-AF0A-4CFB-8FEA-5802C2FA554E}.Debug|Any CPU.Build.0 = Debug|Any CPU
		{F533AB37-AF0A-4CFB-8FEA-5802C2FA554E}.Release|Any CPU.ActiveCfg = Release|Any CPU
		{F533AB37-AF0A-4CFB-8FEA-5802C2FA554E}.Release|Any CPU.Build.0 = Release|Any CPU
	EndGlobalSection
	GlobalSection(SolutionProperties) = preSolution
		HideSolutionNode = FALSE
	EndGlobalSection
	GlobalSection(ExtensibilityGlobals) = postSolution
		SolutionGuid = {59980055-7C42-4D59-8A8D-39C8F65D32B1}
	EndGlobalSection
EndGlobal
